
Microsoft Visual Studio Solution File, Format Version 12.00
# Visual Studio Version 17
VisualStudioVersion = 17.10.35027.167
MinimumVisualStudioVersion = 10.0.40219.1
Project("{FAE04EC0-301F-11D3-BF4B-00C04F79EFBC}") = "coords", "coords.csproj", "{CA45B63E-F2F2-453A-B9F5-8C2AF200AD37}"
EndProject
Global
	GlobalSection(SolutionConfigurationPlatforms) = preSolution
		Debug|Any CPU = Debug|Any CPU
		Release|Any CPU = Release|Any CPU
	EndGlobalSection
	GlobalSection(ProjectConfigurationPlatforms) = postSolution
		{CA45B63E-F2F2-453A-B9F5-8C2AF200AD37}.Debug|Any CPU.ActiveCfg = Debug|Any CPU
		{CA45B63E-F2F2-453A-B9F5-8C2AF200AD37}.Debug|Any CPU.Build.0 = Debug|Any CPU
		{CA45B63E-F2F2-453A-B9F5-8C2AF200AD37}.Release|Any CPU.ActiveCfg = Release|Any CPU
		{CA45B63E-F2F2-453A-B9F5-8C2AF200AD37}.Release|Any CPU.Build.0 = Release|Any CPU
	EndGlobalSection
	GlobalSection(SolutionProperties) = preSolution
		HideSolutionNode = FALSE
	EndGlobalSection
	GlobalSection(ExtensibilityGlobals) = postSolution
		SolutionGuid = {B70F6B5E-C6D3-42CF-98CE-67162FFC75B7}
	EndGlobalSection
EndGlobal
